<?xml version="1.0" encoding="utf-8"?>
<Project ToolsVersion="4.0" xmlns="http://schemas.microsoft.com/developer/msbuild/2003">
  <ItemGroup>
    <Filter Include="Source Files">
      <UniqueIdentifier>{4FC737F1-C7A5-4376-A066-2A32D752A2FF}</UniqueIdentifier>
      <Extensions>cpp;c;cc;cxx;def;odl;idl;hpj;bat;asm;asmx</Extensions>
    </Filter>
    <Filter Include="Header Files">
      <UniqueIdentifier>{93995380-89BD-4b04-88EB-625FBE52EBFB}</UniqueIdentifier>
      <Extensions>h;hh;hpp;hxx;hm;inl;inc;xsd</Extensions>
    </Filter>
    <Filter Include="Resource Files">
      <UniqueIdentifier>{67DA6AB6-F800-4c08-8B7A-83BB121AAD01}</UniqueIdentifier>
      <Extensions>rc;ico;cur;bmp;dlg;rc2;rct;bin;rgs;gif;jpg;jpeg;jpe;resx;tiff;tif;png;wav;mfcribbon-ms</Extensions>
    </Filter>
    <Filter Include="States">
      <UniqueIdentifier>{756477c2-702a-42aa-8b05-8ff2f076e42a}</UniqueIdentifier>
    </Filter>
    <Filter Include="States\Source">
      <UniqueIdentifier>{06dd01b4-68da-4f24-93c1-0a59034cfc29}</UniqueIdentifier>
    </Filter>
    <Filter Include="States\Header">
      <UniqueIdentifier>{bfb1c52c-cd06-422e-b42a-c4317d3f69ea}</UniqueIdentifier>
    </Filter>
    <Filter Include="Object">
      <UniqueIdentifier>{dab9e8d2-8125-4dac-9435-7f40dfc636ef}</UniqueIdentifier>
    </Filter>
    <Filter Include="Object\GameElements">
      <UniqueIdentifier>{ed42e843-983c-48b6-9164-e86bb0acefe6}</UniqueIdentifier>
    </Filter>
    <Filter Include="Object\GameElements\Fish">
      <UniqueIdentifier>{69a45efe-3003-4630-9151-92b2022a4848}</UniqueIdentifier>
    </Filter>
  </ItemGroup>
  <ItemGroup>
    <ClCompile Include="main.cpp">
      <Filter>Source Files</Filter>
    </ClCompile>
    <ClCompile Include="Engine.cpp">
      <Filter>Source Files</Filter>
    </ClCompile>
    <ClCompile Include="Game.cpp">
      <Filter>Source Files</Filter>
    </ClCompile>
    <ClCompile Include="Button.cpp">
      <Filter>Object</Filter>
    </ClCompile>
    <ClCompile Include="ClickableObject.cpp">
      <Filter>Object</Filter>
    </ClCompile>
    <ClCompile Include="Object.cpp">
      <Filter>Object</Filter>
    </ClCompile>
    <ClCompile Include="State.cpp">
      <Filter>States</Filter>
    </ClCompile>
    <ClCompile Include="CreditMenu.cpp">
      <Filter>States\Source</Filter>
    </ClCompile>
    <ClCompile Include="MainMenu.cpp">
      <Filter>States\Source</Filter>
    </ClCompile>
    <ClCompile Include="DrawableGroup.cpp">
      <Filter>Object</Filter>
    </ClCompile>
    <ClCompile Include="PlayState.cpp">
      <Filter>States\Source</Filter>
    </ClCompile>
    <ClCompile Include="Loader.cpp">
      <Filter>Source Files</Filter>
    </ClCompile>
    <ClCompile Include="Field.cpp">
      <Filter>Object\GameElements</Filter>
    </ClCompile>
    <ClCompile Include="Chance.cpp">
      <Filter>Source Files</Filter>
    </ClCompile>
    <ClCompile Include="Fish.cpp">
      <Filter>Object\GameElements\Fish</Filter>
    </ClCompile>
    <ClCompile Include="RareFish.cpp">
      <Filter>Object\GameElements\Fish</Filter>
    </ClCompile>
    <ClCompile Include="LegendaryFish.cpp">
      <Filter>Object\GameElements\Fish</Filter>
    </ClCompile>
    <ClCompile Include="CommonFish.cpp">
      <Filter>Object\GameElements\Fish</Filter>
    </ClCompile>
  </ItemGroup>
  <ItemGroup>
    <ClInclude Include="Global.h">
      <Filter>Header Files</Filter>
    </ClInclude>
    <ClInclude Include="Game.h">
      <Filter>Header Files</Filter>
    </ClInclude>
    <ClInclude Include="State.h">
      <Filter>States</Filter>
    </ClInclude>
    <ClInclude Include="MainMenu.h">
      <Filter>States\Header</Filter>
    </ClInclude>
    <ClInclude Include="Engine.h">
      <Filter>Header Files</Filter>
    </ClInclude>
    <ClInclude Include="Object.h">
      <Filter>Object</Filter>
    </ClInclude>
    <ClInclude Include="ClickableObject.h">
      <Filter>Object</Filter>
    </ClInclude>
    <ClInclude Include="Button.h">
      <Filter>Object</Filter>
    </ClInclude>
    <ClInclude Include="CreditMenu.h">
      <Filter>States\Header</Filter>
    </ClInclude>
    <ClInclude Include="DrawableGroup.h">
      <Filter>Object</Filter>
    </ClInclude>
    <ClInclude Include="PlayState.h">
      <Filter>States\Header</Filter>
    </ClInclude>
    <ClInclude Include="Loader.h">
      <Filter>Header Files</Filter>
    </ClInclude>
    <ClInclude Include="Field.h">
      <Filter>Object\GameElements</Filter>
    </ClInclude>
    <ClInclude Include="Chance.h">
      <Filter>Header Files</Filter>
    </ClInclude>
    <ClInclude Include="Fish.h">
      <Filter>Object\GameElements\Fish</Filter>
    </ClInclude>
    <ClInclude Include="CommonFish.h">
      <Filter>Object\GameElements\Fish</Filter>
    </ClInclude>
    <ClInclude Include="RareFish.h">
      <Filter>Object\GameElements\Fish</Filter>
    </ClInclude>
    <ClInclude Include="LegendaryFish.h">
      <Filter>Object\GameElements\Fish</Filter>
    </ClInclude>
  </ItemGroup>
</Project>